
Microsoft Visual Studio Solution File, Format Version 12.00
# Visual Studio Version 17
VisualStudioVersion = 17.9.34616.47
MinimumVisualStudioVersion = 10.0.40219.1
Project("{9A19103F-16F7-4668-BE54-9A1E7A4F7556}") = "drweb_cs_mvc", "drweb_cs_mvc\drweb_cs_mvc.csproj", "{5CF2AD4C-E1CF-4517-BC2E-AA05D1E6EEED}"
EndProject
Global
	GlobalSection(SolutionConfigurationPlatforms) = preSolution
		Debug|Any CPU = Debug|Any CPU
		Release|Any CPU = Release|Any CPU
	EndGlobalSection
	GlobalSection(ProjectConfigurationPlatforms) = postSolution
		{5CF2AD4C-E1CF-4517-BC2E-AA05D1E6EEED}.Debug|Any CPU.ActiveCfg = Debug|Any CPU
		{5CF2AD4C-E1CF-4517-BC2E-AA05D1E6EEED}.Debug|Any CPU.Build.0 = Debug|Any CPU
		{5CF2AD4C-E1CF-4517-BC2E-AA05D1E6EEED}.Release|Any CPU.ActiveCfg = Release|Any CPU
		{5CF2AD4C-E1CF-4517-BC2E-AA05D1E6EEED}.Release|Any CPU.Build.0 = Release|Any CPU
	EndGlobalSection
	GlobalSection(SolutionProperties) = preSolution
		HideSolutionNode = FALSE
	EndGlobalSection
	GlobalSection(ExtensibilityGlobals) = postSolution
		SolutionGuid = {CCD3390F-BFD7-400D-A12D-938DE447BC79}
	EndGlobalSection
EndGlobal
